{
  "name": "solara-widget-manager-tools",
  "lockfileVersion": 3,
  "requires": true,
  "packages": {
    "": {
      "name": "solara-widget-manager-tools",
      "devDependencies": {
        "typescript": "~3.6.0"
      }
    },
    "node_modules/typescript": {
      "version": "3.6.5",
      "resolved": "https://registry.npmjs.org/typescript/-/typescript-3.6.5.tgz",
      "integrity": "sha512-BEjlc0Z06ORZKbtcxGrIvvwYs5hAnuo6TKdNFL55frVDlB+na3z5bsLhFaIxmT+dPWgBIjMo6aNnTOgHHmHgiQ==",
      "dev": true,
      "license": "Apache-2.0",
      "bin": {
        "tsc": "bin/tsc",
        "tsserver": "bin/tsserver"
      },
      "engines": {
        "node": ">=4.2.0"
      }
    }
  }
}
